
Microsoft Visual Studio Solution File, Format Version 12.00
# Visual Studio 14
VisualStudioVersion = 14.0.25420.1
MinimumVisualStudioVersion = 10.0.40219.1
Project("{FAE04EC0-301F-11D3-BF4B-00C04F79EFBC}") = "PredictionLogic", "PredictionLogic\PredictionLogic.csproj", "{B4582561-B6E2-4A91-9375-01693DD4C66F}"
EndProject
Project("{FAE04EC0-301F-11D3-BF4B-00C04F79EFBC}") = "GAgSimulator", "GAgSimulator\GAgSimulator.csproj", "{A65D5569-3E2A-448A-A867-D00DF6631C80}"
EndProject
Global
	GlobalSection(SolutionConfigurationPlatforms) = preSolution
		Debug|Any CPU = Debug|Any CPU
		Debug|x64 = Debug|x64
		Release|Any CPU = Release|Any CPU
		Release|x64 = Release|x64
	EndGlobalSection
	GlobalSection(ProjectConfigurationPlatforms) = postSolution
		{B4582561-B6E2-4A91-9375-01693DD4C66F}.Debug|Any CPU.ActiveCfg = Debug|Any CPU
		{B4582561-B6E2-4A91-9375-01693DD4C66F}.Debug|Any CPU.Build.0 = Debug|Any CPU
		{B4582561-B6E2-4A91-9375-01693DD4C66F}.Debug|x64.ActiveCfg = Debug|x64
		{B4582561-B6E2-4A91-9375-01693DD4C66F}.Debug|x64.Build.0 = Debug|x64
		{B4582561-B6E2-4A91-9375-01693DD4C66F}.Release|Any CPU.ActiveCfg = Release|Any CPU
		{B4582561-B6E2-4A91-9375-01693DD4C66F}.Release|Any CPU.Build.0 = Release|Any CPU
		{B4582561-B6E2-4A91-9375-01693DD4C66F}.Release|x64.ActiveCfg = Release|x64
		{B4582561-B6E2-4A91-9375-01693DD4C66F}.Release|x64.Build.0 = Release|x64
		{A65D5569-3E2A-448A-A867-D00DF6631C80}.Debug|Any CPU.ActiveCfg = Debug|Any CPU
		{A65D5569-3E2A-448A-A867-D00DF6631C80}.Debug|Any CPU.Build.0 = Debug|Any CPU
		{A65D5569-3E2A-448A-A867-D00DF6631C80}.Debug|x64.ActiveCfg = Debug|Any CPU
		{A65D5569-3E2A-448A-A867-D00DF6631C80}.Debug|x64.Build.0 = Debug|Any CPU
		{A65D5569-3E2A-448A-A867-D00DF6631C80}.Release|Any CPU.ActiveCfg = Release|Any CPU
		{A65D5569-3E2A-448A-A867-D00DF6631C80}.Release|Any CPU.Build.0 = Release|Any CPU
		{A65D5569-3E2A-448A-A867-D00DF6631C80}.Release|x64.ActiveCfg = Release|Any CPU
		{A65D5569-3E2A-448A-A867-D00DF6631C80}.Release|x64.Build.0 = Release|Any CPU
	EndGlobalSection
	GlobalSection(SolutionProperties) = preSolution
		HideSolutionNode = FALSE
	EndGlobalSection
EndGlobal
